
Microsoft Visual Studio Solution File, Format Version 12.00
# Visual Studio Version 17
VisualStudioVersion = 17.11.35303.130
MinimumVisualStudioVersion = 10.0.40219.1
Project("{FAE04EC0-301F-11D3-BF4B-00C04F79EFBC}") = "Project10to11", "Project10to11\Project10to11.csproj", "{3772C33E-AC75-40EA-97DF-D5CEE71D86AB}"
EndProject
Global
	GlobalSection(SolutionConfigurationPlatforms) = preSolution
		Debug|Any CPU = Debug|Any CPU
		Release|Any CPU = Release|Any CPU
	EndGlobalSection
	GlobalSection(ProjectConfigurationPlatforms) = postSolution
		{3772C33E-AC75-40EA-97DF-D5CEE71D86AB}.Debug|Any CPU.ActiveCfg = Debug|Any CPU
		{3772C33E-AC75-40EA-97DF-D5CEE71D86AB}.Debug|Any CPU.Build.0 = Debug|Any CPU
		{3772C33E-AC75-40EA-97DF-D5CEE71D86AB}.Release|Any CPU.ActiveCfg = Release|Any CPU
		{3772C33E-AC75-40EA-97DF-D5CEE71D86AB}.Release|Any CPU.Build.0 = Release|Any CPU
	EndGlobalSection
	GlobalSection(SolutionProperties) = preSolution
		HideSolutionNode = FALSE
	EndGlobalSection
	GlobalSection(ExtensibilityGlobals) = postSolution
		SolutionGuid = {BE354DC0-38C7-4348-8674-6E435DE99998}
	EndGlobalSection
EndGlobal
